
Microsoft Visual Studio Solution File, Format Version 12.00
# Visual Studio Version 16
VisualStudioVersion = 16.0.30225.117
MinimumVisualStudioVersion = 10.0.40219.1
Project("{FAE04EC0-301F-11D3-BF4B-00C04F79EFBC}") = "HackerRank", "HackerRank\HackerRank.csproj", "{C7FB8011-AD08-4677-977A-B0C57CB1CFFF}"
EndProject
Project("{FAE04EC0-301F-11D3-BF4B-00C04F79EFBC}") = "HackerRank.Test", "HackerRank.Test\HackerRank.Test.csproj", "{F76096E7-6533-4164-8FBA-EF91D5AC953C}"
EndProject
Global
	GlobalSection(SolutionConfigurationPlatforms) = preSolution
		Debug|Any CPU = Debug|Any CPU
		Release|Any CPU = Release|Any CPU
	EndGlobalSection
	GlobalSection(ProjectConfigurationPlatforms) = postSolution
		{C7FB8011-AD08-4677-977A-B0C57CB1CFFF}.Debug|Any CPU.ActiveCfg = Debug|Any CPU
		{C7FB8011-AD08-4677-977A-B0C57CB1CFFF}.Debug|Any CPU.Build.0 = Debug|Any CPU
		{C7FB8011-AD08-4677-977A-B0C57CB1CFFF}.Release|Any CPU.ActiveCfg = Release|Any CPU
		{C7FB8011-AD08-4677-977A-B0C57CB1CFFF}.Release|Any CPU.Build.0 = Release|Any CPU
		{F76096E7-6533-4164-8FBA-EF91D5AC953C}.Debug|Any CPU.ActiveCfg = Debug|Any CPU
		{F76096E7-6533-4164-8FBA-EF91D5AC953C}.Debug|Any CPU.Build.0 = Debug|Any CPU
		{F76096E7-6533-4164-8FBA-EF91D5AC953C}.Release|Any CPU.ActiveCfg = Release|Any CPU
		{F76096E7-6533-4164-8FBA-EF91D5AC953C}.Release|Any CPU.Build.0 = Release|Any CPU
	EndGlobalSection
	GlobalSection(SolutionProperties) = preSolution
		HideSolutionNode = FALSE
	EndGlobalSection
	GlobalSection(ExtensibilityGlobals) = postSolution
		SolutionGuid = {39E61CCF-57D3-4730-8833-0DFDC70593B3}
	EndGlobalSection
EndGlobal
